
Microsoft Visual Studio Solution File, Format Version 12.00
# Visual Studio Version 17
VisualStudioVersion = 17.13.35919.96
MinimumVisualStudioVersion = 10.0.40219.1
Project("{FAE04EC0-301F-11D3-BF4B-00C04F79EFBC}") = "Presentation", "Presentation\Presentation.csproj", "{E67A5328-DC5D-4857-A4B1-9B69621A75D0}"
EndProject
Project("{FAE04EC0-301F-11D3-BF4B-00C04F79EFBC}") = "Services", "Services\Services.csproj", "{195683C6-4614-489E-B4F6-4E65D39C5592}"
EndProject
Project("{FAE04EC0-301F-11D3-BF4B-00C04F79EFBC}") = "Infrastructure", "Infrastructure\Infrastructure.csproj", "{7550F8BF-F4B9-48AF-9CE5-7346F416486C}"
EndProject
Project("{FAE04EC0-301F-11D3-BF4B-00C04F79EFBC}") = "Domain", "Domain\Domain.csproj", "{F371F8AE-47F7-47E6-B94C-02F4B1C08944}"
EndProject
Project("{FAE04EC0-301F-11D3-BF4B-00C04F79EFBC}") = "Tests", "Tests\Tests.csproj", "{C94926ED-F126-4D21-9C3C-BB15D1EFEFB7}"
EndProject
Global
	GlobalSection(SolutionConfigurationPlatforms) = preSolution
		Debug|Any CPU = Debug|Any CPU
		Release|Any CPU = Release|Any CPU
	EndGlobalSection
	GlobalSection(ProjectConfigurationPlatforms) = postSolution
		{E67A5328-DC5D-4857-A4B1-9B69621A75D0}.Debug|Any CPU.ActiveCfg = Debug|Any CPU
		{E67A5328-DC5D-4857-A4B1-9B69621A75D0}.Debug|Any CPU.Build.0 = Debug|Any CPU
		{E67A5328-DC5D-4857-A4B1-9B69621A75D0}.Release|Any CPU.ActiveCfg = Release|Any CPU
		{E67A5328-DC5D-4857-A4B1-9B69621A75D0}.Release|Any CPU.Build.0 = Release|Any CPU
		{195683C6-4614-489E-B4F6-4E65D39C5592}.Debug|Any CPU.ActiveCfg = Debug|Any CPU
		{195683C6-4614-489E-B4F6-4E65D39C5592}.Debug|Any CPU.Build.0 = Debug|Any CPU
		{195683C6-4614-489E-B4F6-4E65D39C5592}.Release|Any CPU.ActiveCfg = Release|Any CPU
		{195683C6-4614-489E-B4F6-4E65D39C5592}.Release|Any CPU.Build.0 = Release|Any CPU
		{7550F8BF-F4B9-48AF-9CE5-7346F416486C}.Debug|Any CPU.ActiveCfg = Debug|Any CPU
		{7550F8BF-F4B9-48AF-9CE5-7346F416486C}.Debug|Any CPU.Build.0 = Debug|Any CPU
		{7550F8BF-F4B9-48AF-9CE5-7346F416486C}.Release|Any CPU.ActiveCfg = Release|Any CPU
		{7550F8BF-F4B9-48AF-9CE5-7346F416486C}.Release|Any CPU.Build.0 = Release|Any CPU
		{F371F8AE-47F7-47E6-B94C-02F4B1C08944}.Debug|Any CPU.ActiveCfg = Debug|Any CPU
		{F371F8AE-47F7-47E6-B94C-02F4B1C08944}.Debug|Any CPU.Build.0 = Debug|Any CPU
		{F371F8AE-47F7-47E6-B94C-02F4B1C08944}.Release|Any CPU.ActiveCfg = Release|Any CPU
		{F371F8AE-47F7-47E6-B94C-02F4B1C08944}.Release|Any CPU.Build.0 = Release|Any CPU
		{C94926ED-F126-4D21-9C3C-BB15D1EFEFB7}.Debug|Any CPU.ActiveCfg = Debug|Any CPU
		{C94926ED-F126-4D21-9C3C-BB15D1EFEFB7}.Debug|Any CPU.Build.0 = Debug|Any CPU
		{C94926ED-F126-4D21-9C3C-BB15D1EFEFB7}.Release|Any CPU.ActiveCfg = Release|Any CPU
		{C94926ED-F126-4D21-9C3C-BB15D1EFEFB7}.Release|Any CPU.Build.0 = Release|Any CPU
	EndGlobalSection
	GlobalSection(SolutionProperties) = preSolution
		HideSolutionNode = FALSE
	EndGlobalSection
	GlobalSection(ExtensibilityGlobals) = postSolution
		SolutionGuid = {00665052-E8DA-4154-9C53-9FFE9255DF1E}
	EndGlobalSection
EndGlobal
